
Microsoft Visual Studio Solution File, Format Version 12.00
# Visual Studio Version 17
VisualStudioVersion = 17.2.32505.173
MinimumVisualStudioVersion = 10.0.40219.1
Project("{9A19103F-16F7-4668-BE54-9A1E7A4F7556}") = "RibbonsColorRecursive", "RibbonsColor\RibbonsColorRecursive.csproj", "{43E86827-340B-407E-A7F4-47575DD9C60F}"
EndProject
Project("{2150E333-8FDC-42A3-9474-1A3956D46DE8}") = "Tests", "Tests", "{BB024ABD-AB04-4F44-9BF3-CCCB4B7E8677}"
EndProject
Project("{FAE04EC0-301F-11D3-BF4B-00C04F79EFBC}") = "RibbonsColorTests", "RibbonsColorTests\RibbonsColorTests.csproj", "{48878839-1299-46D9-8ACE-A95D86C49B55}"
EndProject
Global
	GlobalSection(SolutionConfigurationPlatforms) = preSolution
		Debug|Any CPU = Debug|Any CPU
		Release|Any CPU = Release|Any CPU
	EndGlobalSection
	GlobalSection(ProjectConfigurationPlatforms) = postSolution
		{43E86827-340B-407E-A7F4-47575DD9C60F}.Debug|Any CPU.ActiveCfg = Debug|Any CPU
		{43E86827-340B-407E-A7F4-47575DD9C60F}.Debug|Any CPU.Build.0 = Debug|Any CPU
		{43E86827-340B-407E-A7F4-47575DD9C60F}.Release|Any CPU.ActiveCfg = Release|Any CPU
		{43E86827-340B-407E-A7F4-47575DD9C60F}.Release|Any CPU.Build.0 = Release|Any CPU
		{48878839-1299-46D9-8ACE-A95D86C49B55}.Debug|Any CPU.ActiveCfg = Debug|Any CPU
		{48878839-1299-46D9-8ACE-A95D86C49B55}.Debug|Any CPU.Build.0 = Debug|Any CPU
		{48878839-1299-46D9-8ACE-A95D86C49B55}.Release|Any CPU.ActiveCfg = Release|Any CPU
		{48878839-1299-46D9-8ACE-A95D86C49B55}.Release|Any CPU.Build.0 = Release|Any CPU
	EndGlobalSection
	GlobalSection(SolutionProperties) = preSolution
		HideSolutionNode = FALSE
	EndGlobalSection
	GlobalSection(NestedProjects) = preSolution
		{48878839-1299-46D9-8ACE-A95D86C49B55} = {BB024ABD-AB04-4F44-9BF3-CCCB4B7E8677}
	EndGlobalSection
	GlobalSection(ExtensibilityGlobals) = postSolution
		SolutionGuid = {5891A482-D055-4A4F-90BD-69FBDE711793}
	EndGlobalSection
EndGlobal
